
Microsoft Visual Studio Solution File, Format Version 12.00
# Visual Studio Version 17
VisualStudioVersion = 17.0.32112.339
MinimumVisualStudioVersion = 10.0.40219.1
Project("{FAE04EC0-301F-11D3-BF4B-00C04F79EFBC}") = "lb4", "lb4\lb4.csproj", "{FA973546-8DE7-49FF-9E80-E1655B088377}"
EndProject
Project("{FAE04EC0-301F-11D3-BF4B-00C04F79EFBC}") = "DILib", "DILib\DILib.csproj", "{B86BB250-356C-48BE-9D47-9135A44C3419}"
EndProject
Global
	GlobalSection(SolutionConfigurationPlatforms) = preSolution
		Debug|Any CPU = Debug|Any CPU
		Release|Any CPU = Release|Any CPU
	EndGlobalSection
	GlobalSection(ProjectConfigurationPlatforms) = postSolution
		{FA973546-8DE7-49FF-9E80-E1655B088377}.Debug|Any CPU.ActiveCfg = Debug|Any CPU
		{FA973546-8DE7-49FF-9E80-E1655B088377}.Debug|Any CPU.Build.0 = Debug|Any CPU
		{FA973546-8DE7-49FF-9E80-E1655B088377}.Release|Any CPU.ActiveCfg = Release|Any CPU
		{FA973546-8DE7-49FF-9E80-E1655B088377}.Release|Any CPU.Build.0 = Release|Any CPU
		{B86BB250-356C-48BE-9D47-9135A44C3419}.Debug|Any CPU.ActiveCfg = Debug|Any CPU
		{B86BB250-356C-48BE-9D47-9135A44C3419}.Debug|Any CPU.Build.0 = Debug|Any CPU
		{B86BB250-356C-48BE-9D47-9135A44C3419}.Release|Any CPU.ActiveCfg = Release|Any CPU
		{B86BB250-356C-48BE-9D47-9135A44C3419}.Release|Any CPU.Build.0 = Release|Any CPU
	EndGlobalSection
	GlobalSection(SolutionProperties) = preSolution
		HideSolutionNode = FALSE
	EndGlobalSection
	GlobalSection(ExtensibilityGlobals) = postSolution
		SolutionGuid = {40D7D2AA-FB7A-4CB2-A094-FAC51A52A357}
	EndGlobalSection
EndGlobal
